Microsoft Visual Studio Solution File, Format Version 12.00
# Visual Studio Version 17
VisualStudioVersion = 17.10.35015.99
MinimumVisualStudioVersion = 10.0.40219.1
Project("{9A19103F-16F7-4668-BE54-9A1E7A4F7556}") = "Mvp.Trading.Contracts", "src\\Mvp.Trading.Contracts\\Mvp.Trading.Contracts.csproj", "{790B0CF3-9156-4425-89B4-53F779DB024A}"
EndProject
Project("{9A19103F-16F7-4668-BE54-9A1E7A4F7556}") = "Mvp.Trading.Contracts.Tests", "tests\\Mvp.Trading.Contracts.Tests\\Mvp.Trading.Contracts.Tests.csproj", "{B21C9052-837B-466B-BAA5-029C02A31F0B}"
EndProject
Project("{9A19103F-16F7-4668-BE54-9A1E7A4F7556}") = "Mvp.Trading.Api", "src\\Mvp.Trading.Api\\Mvp.Trading.Api.csproj", "{B698340D-31B9-4124-8A36-A7AD54D5441B}"
EndProject
Project("{9A19103F-16F7-4668-BE54-9A1E7A4F7556}") = "Mvp.Trading.Worker", "src\\Mvp.Trading.Worker\\Mvp.Trading.Worker.csproj", "{1AD6808D-02D5-4B4C-831C-A4305FC3E854}"
EndProject
Project("{9A19103F-16F7-4668-BE54-9A1E7A4F7556}") = "Mvp.Trading.Integrations.Kraken", "src\\Mvp.Trading.Integrations.Kraken\\Mvp.Trading.Integrations.Kraken.csproj", "{1230C327-302D-447E-A5D8-80D9E6D1A282}"
EndProject
Project("{9A19103F-16F7-4668-BE54-9A1E7A4F7556}") = "Mvp.Trading.Integrations.Kraken.Tests", "tests\\Mvp.Trading.Integrations.Kraken.Tests\\Mvp.Trading.Integrations.Kraken.Tests.csproj", "{1B5D9550-C7C1-41F4-9F2B-01462FC5765E}"
EndProject
Global
	GlobalSection(SolutionConfigurationPlatforms) = preSolution
		Debug|Any CPU = Debug|Any CPU
		Release|Any CPU = Release|Any CPU
	EndGlobalSection
	GlobalSection(ProjectConfigurationPlatforms) = postSolution
		{790B0CF3-9156-4425-89B4-53F779DB024A}.Debug|Any CPU.ActiveCfg = Debug|Any CPU
		{790B0CF3-9156-4425-89B4-53F779DB024A}.Debug|Any CPU.Build.0 = Debug|Any CPU
		{790B0CF3-9156-4425-89B4-53F779DB024A}.Release|Any CPU.ActiveCfg = Release|Any CPU
		{790B0CF3-9156-4425-89B4-53F779DB024A}.Release|Any CPU.Build.0 = Release|Any CPU
		{B21C9052-837B-466B-BAA5-029C02A31F0B}.Debug|Any CPU.ActiveCfg = Debug|Any CPU
		{B21C9052-837B-466B-BAA5-029C02A31F0B}.Debug|Any CPU.Build.0 = Debug|Any CPU
		{B21C9052-837B-466B-BAA5-029C02A31F0B}.Release|Any CPU.ActiveCfg = Release|Any CPU
		{B21C9052-837B-466B-BAA5-029C02A31F0B}.Release|Any CPU.Build.0 = Release|Any CPU
		{B698340D-31B9-4124-8A36-A7AD54D5441B}.Debug|Any CPU.ActiveCfg = Debug|Any CPU
		{B698340D-31B9-4124-8A36-A7AD54D5441B}.Debug|Any CPU.Build.0 = Debug|Any CPU
		{B698340D-31B9-4124-8A36-A7AD54D5441B}.Release|Any CPU.ActiveCfg = Release|Any CPU
		{B698340D-31B9-4124-8A36-A7AD54D5441B}.Release|Any CPU.Build.0 = Release|Any CPU
		{1AD6808D-02D5-4B4C-831C-A4305FC3E854}.Debug|Any CPU.ActiveCfg = Debug|Any CPU
		{1AD6808D-02D5-4B4C-831C-A4305FC3E854}.Debug|Any CPU.Build.0 = Debug|Any CPU
		{1AD6808D-02D5-4B4C-831C-A4305FC3E854}.Release|Any CPU.ActiveCfg = Release|Any CPU
		{1AD6808D-02D5-4B4C-831C-A4305FC3E854}.Release|Any CPU.Build.0 = Release|Any CPU
		{1230C327-302D-447E-A5D8-80D9E6D1A282}.Debug|Any CPU.ActiveCfg = Debug|Any CPU
		{1230C327-302D-447E-A5D8-80D9E6D1A282}.Debug|Any CPU.Build.0 = Debug|Any CPU
		{1230C327-302D-447E-A5D8-80D9E6D1A282}.Release|Any CPU.ActiveCfg = Release|Any CPU
		{1230C327-302D-447E-A5D8-80D9E6D1A282}.Release|Any CPU.Build.0 = Release|Any CPU
		{1B5D9550-C7C1-41F4-9F2B-01462FC5765E}.Debug|Any CPU.ActiveCfg = Debug|Any CPU
		{1B5D9550-C7C1-41F4-9F2B-01462FC5765E}.Debug|Any CPU.Build.0 = Debug|Any CPU
		{1B5D9550-C7C1-41F4-9F2B-01462FC5765E}.Release|Any CPU.ActiveCfg = Release|Any CPU
		{1B5D9550-C7C1-41F4-9F2B-01462FC5765E}.Release|Any CPU.Build.0 = Release|Any CPU
	EndGlobalSection
	GlobalSection(SolutionProperties) = preSolution
		HideSolutionNode = FALSE
	EndGlobalSection
	GlobalSection(ExtensibilityGlobals) = postSolution
		SolutionGuid = {7B5B1C91-9C96-415C-9EB2-120178CD055D}
	EndGlobalSection
EndGlobal
