Microsoft Visual Studio Solution File, Format Version 12.00
# Visual Studio Version 17
VisualStudioVersion = 17.10.35015.99
MinimumVisualStudioVersion = 10.0.40219.1
Project("{9A19103F-16F7-4668-BE54-9A1E7A4F7556}") = "Mvp.Trading.Contracts", "src\\Mvp.Trading.Contracts\\Mvp.Trading.Contracts.csproj", "{790B0CF3-9156-4425-89B4-53F779DB024A}"
EndProject
Project("{9A19103F-16F7-4668-BE54-9A1E7A4F7556}") = "Mvp.Trading.Contracts.Tests", "tests\\Mvp.Trading.Contracts.Tests\\Mvp.Trading.Contracts.Tests.csproj", "{B21C9052-837B-466B-BAA5-029C02A31F0B}"
EndProject
Project("{9A19103F-16F7-4668-BE54-9A1E7A4F7556}") = "Mvp.Trading.Api", "src\\Mvp.Trading.Api\\Mvp.Trading.Api.csproj", "{B698340D-31B9-4124-8A36-A7AD54D5441B}"
EndProject
Project("{9A19103F-16F7-4668-BE54-9A1E7A4F7556}") = "Mvp.Trading.Worker", "src\\Mvp.Trading.Worker\\Mvp.Trading.Worker.csproj", "{1AD6808D-02D5-4B4C-831C-A4305FC3E854}"
EndProject
Project("{9A19103F-16F7-4668-BE54-9A1E7A4F7556}") = "Mvp.Trading.Integrations.Kraken", "src\\Mvp.Trading.Integrations.Kraken\\Mvp.Trading.Integrations.Kraken.csproj", "{1230C327-302D-447E-A5D8-80D9E6D1A282}"
EndProject
Project("{9A19103F-16F7-4668-BE54-9A1E7A4F7556}") = "Mvp.Trading.Integrations.Kraken.Tests", "tests\\Mvp.Trading.Integrations.Kraken.Tests\\Mvp.Trading.Integrations.Kraken.Tests.csproj", "{1B5D9550-C7C1-41F4-9F2B-01462FC5765E}"
EndProject
Project("{9A19103F-16F7-4668-BE54-9A1E7A4F7556}") = "Mvp.Trading.Indicators", "src\\Mvp.Trading.Indicators\\Mvp.Trading.Indicators.csproj", "{A32A6794-73C3-417B-BF1F-B97CCE493298}"
EndProject
Project("{9A19103F-16F7-4668-BE54-9A1E7A4F7556}") = "Mvp.Trading.Indicators.Tests", "tests\\Mvp.Trading.Indicators.Tests\\Mvp.Trading.Indicators.Tests.csproj", "{EF49D6FD-F5BC-4142-B906-00227E949CC3}"
EndProject
Project("{9A19103F-16F7-4668-BE54-9A1E7A4F7556}") = "Mvp.Trading.Elliott", "src\\Mvp.Trading.Elliott\\Mvp.Trading.Elliott.csproj", "{AC85F5B1-C691-4F06-AC08-4A8B3B9D3386}"
EndProject
Project("{9A19103F-16F7-4668-BE54-9A1E7A4F7556}") = "Mvp.Trading.Elliott.Tests", "tests\\Mvp.Trading.Elliott.Tests\\Mvp.Trading.Elliott.Tests.csproj", "{E117037E-4D0C-4A4D-BC1C-8B0197C4E990}"
EndProject
Project("{9A19103F-16F7-4668-BE54-9A1E7A4F7556}") = "Mvp.Trading.Api.Tests", "tests\\Mvp.Trading.Api.Tests\\Mvp.Trading.Api.Tests.csproj", "{7F9F9C72-4E6B-4A58-9C41-01D3E7F4A6BA}"
EndProject
Project("{9A19103F-16F7-4668-BE54-9A1E7A4F7556}") = "Mvp.Trading.Risk", "src\\Mvp.Trading.Risk\\Mvp.Trading.Risk.csproj", "{B7BA0B19-1E0E-4CDE-A5ED-6F7D0D9BD2D6}"
EndProject
Project("{9A19103F-16F7-4668-BE54-9A1E7A4F7556}") = "Mvp.Trading.Risk.Tests", "tests\\Mvp.Trading.Risk.Tests\\Mvp.Trading.Risk.Tests.csproj", "{4F2D5C78-6E97-4A79-9F40-0D4E1A8F25A1}"
EndProject
Project("{9A19103F-16F7-4668-BE54-9A1E7A4F7556}") = "Mvp.Trading.Execution", "src\\Mvp.Trading.Execution\\Mvp.Trading.Execution.csproj", "{9F5C24DE-BC0E-4AD8-9F6F-6A4E3E5C2CE9}"
EndProject
Global
	GlobalSection(SolutionConfigurationPlatforms) = preSolution
		Debug|Any CPU = Debug|Any CPU
		Release|Any CPU = Release|Any CPU
	EndGlobalSection
	GlobalSection(ProjectConfigurationPlatforms) = postSolution
		{790B0CF3-9156-4425-89B4-53F779DB024A}.Debug|Any CPU.ActiveCfg = Debug|Any CPU
		{790B0CF3-9156-4425-89B4-53F779DB024A}.Debug|Any CPU.Build.0 = Debug|Any CPU
		{790B0CF3-9156-4425-89B4-53F779DB024A}.Release|Any CPU.ActiveCfg = Release|Any CPU
		{790B0CF3-9156-4425-89B4-53F779DB024A}.Release|Any CPU.Build.0 = Release|Any CPU
		{B21C9052-837B-466B-BAA5-029C02A31F0B}.Debug|Any CPU.ActiveCfg = Debug|Any CPU
		{B21C9052-837B-466B-BAA5-029C02A31F0B}.Debug|Any CPU.Build.0 = Debug|Any CPU
		{B21C9052-837B-466B-BAA5-029C02A31F0B}.Release|Any CPU.ActiveCfg = Release|Any CPU
		{B21C9052-837B-466B-BAA5-029C02A31F0B}.Release|Any CPU.Build.0 = Release|Any CPU
		{B698340D-31B9-4124-8A36-A7AD54D5441B}.Debug|Any CPU.ActiveCfg = Debug|Any CPU
		{B698340D-31B9-4124-8A36-A7AD54D5441B}.Debug|Any CPU.Build.0 = Debug|Any CPU
		{B698340D-31B9-4124-8A36-A7AD54D5441B}.Release|Any CPU.ActiveCfg = Release|Any CPU
		{B698340D-31B9-4124-8A36-A7AD54D5441B}.Release|Any CPU.Build.0 = Release|Any CPU
		{1AD6808D-02D5-4B4C-831C-A4305FC3E854}.Debug|Any CPU.ActiveCfg = Debug|Any CPU
		{1AD6808D-02D5-4B4C-831C-A4305FC3E854}.Debug|Any CPU.Build.0 = Debug|Any CPU
		{1AD6808D-02D5-4B4C-831C-A4305FC3E854}.Release|Any CPU.ActiveCfg = Release|Any CPU
		{1AD6808D-02D5-4B4C-831C-A4305FC3E854}.Release|Any CPU.Build.0 = Release|Any CPU
		{1230C327-302D-447E-A5D8-80D9E6D1A282}.Debug|Any CPU.ActiveCfg = Debug|Any CPU
		{1230C327-302D-447E-A5D8-80D9E6D1A282}.Debug|Any CPU.Build.0 = Debug|Any CPU
		{1230C327-302D-447E-A5D8-80D9E6D1A282}.Release|Any CPU.ActiveCfg = Release|Any CPU
		{1230C327-302D-447E-A5D8-80D9E6D1A282}.Release|Any CPU.Build.0 = Release|Any CPU
		{1B5D9550-C7C1-41F4-9F2B-01462FC5765E}.Debug|Any CPU.ActiveCfg = Debug|Any CPU
		{1B5D9550-C7C1-41F4-9F2B-01462FC5765E}.Debug|Any CPU.Build.0 = Debug|Any CPU
		{1B5D9550-C7C1-41F4-9F2B-01462FC5765E}.Release|Any CPU.ActiveCfg = Release|Any CPU
		{1B5D9550-C7C1-41F4-9F2B-01462FC5765E}.Release|Any CPU.Build.0 = Release|Any CPU
		{A32A6794-73C3-417B-BF1F-B97CCE493298}.Debug|Any CPU.ActiveCfg = Debug|Any CPU
		{A32A6794-73C3-417B-BF1F-B97CCE493298}.Debug|Any CPU.Build.0 = Debug|Any CPU
		{A32A6794-73C3-417B-BF1F-B97CCE493298}.Release|Any CPU.ActiveCfg = Release|Any CPU
		{A32A6794-73C3-417B-BF1F-B97CCE493298}.Release|Any CPU.Build.0 = Release|Any CPU
		{EF49D6FD-F5BC-4142-B906-00227E949CC3}.Debug|Any CPU.ActiveCfg = Debug|Any CPU
		{EF49D6FD-F5BC-4142-B906-00227E949CC3}.Debug|Any CPU.Build.0 = Debug|Any CPU
		{EF49D6FD-F5BC-4142-B906-00227E949CC3}.Release|Any CPU.ActiveCfg = Release|Any CPU
		{EF49D6FD-F5BC-4142-B906-00227E949CC3}.Release|Any CPU.Build.0 = Release|Any CPU
		{AC85F5B1-C691-4F06-AC08-4A8B3B9D3386}.Debug|Any CPU.ActiveCfg = Debug|Any CPU
		{AC85F5B1-C691-4F06-AC08-4A8B3B9D3386}.Debug|Any CPU.Build.0 = Debug|Any CPU
		{AC85F5B1-C691-4F06-AC08-4A8B3B9D3386}.Release|Any CPU.ActiveCfg = Release|Any CPU
		{AC85F5B1-C691-4F06-AC08-4A8B3B9D3386}.Release|Any CPU.Build.0 = Release|Any CPU
		{E117037E-4D0C-4A4D-BC1C-8B0197C4E990}.Debug|Any CPU.ActiveCfg = Debug|Any CPU
		{E117037E-4D0C-4A4D-BC1C-8B0197C4E990}.Debug|Any CPU.Build.0 = Debug|Any CPU
		{E117037E-4D0C-4A4D-BC1C-8B0197C4E990}.Release|Any CPU.ActiveCfg = Release|Any CPU
		{E117037E-4D0C-4A4D-BC1C-8B0197C4E990}.Release|Any CPU.Build.0 = Release|Any CPU
		{7F9F9C72-4E6B-4A58-9C41-01D3E7F4A6BA}.Debug|Any CPU.ActiveCfg = Debug|Any CPU
		{7F9F9C72-4E6B-4A58-9C41-01D3E7F4A6BA}.Debug|Any CPU.Build.0 = Debug|Any CPU
		{7F9F9C72-4E6B-4A58-9C41-01D3E7F4A6BA}.Release|Any CPU.ActiveCfg = Release|Any CPU
		{7F9F9C72-4E6B-4A58-9C41-01D3E7F4A6BA}.Release|Any CPU.Build.0 = Release|Any CPU
		{B7BA0B19-1E0E-4CDE-A5ED-6F7D0D9BD2D6}.Debug|Any CPU.ActiveCfg = Debug|Any CPU
		{B7BA0B19-1E0E-4CDE-A5ED-6F7D0D9BD2D6}.Debug|Any CPU.Build.0 = Debug|Any CPU
		{B7BA0B19-1E0E-4CDE-A5ED-6F7D0D9BD2D6}.Release|Any CPU.ActiveCfg = Release|Any CPU
		{B7BA0B19-1E0E-4CDE-A5ED-6F7D0D9BD2D6}.Release|Any CPU.Build.0 = Release|Any CPU
		{4F2D5C78-6E97-4A79-9F40-0D4E1A8F25A1}.Debug|Any CPU.ActiveCfg = Debug|Any CPU
		{4F2D5C78-6E97-4A79-9F40-0D4E1A8F25A1}.Debug|Any CPU.Build.0 = Debug|Any CPU
		{4F2D5C78-6E97-4A79-9F40-0D4E1A8F25A1}.Release|Any CPU.ActiveCfg = Release|Any CPU
		{4F2D5C78-6E97-4A79-9F40-0D4E1A8F25A1}.Release|Any CPU.Build.0 = Release|Any CPU
		{9F5C24DE-BC0E-4AD8-9F6F-6A4E3E5C2CE9}.Debug|Any CPU.ActiveCfg = Debug|Any CPU
		{9F5C24DE-BC0E-4AD8-9F6F-6A4E3E5C2CE9}.Debug|Any CPU.Build.0 = Debug|Any CPU
		{9F5C24DE-BC0E-4AD8-9F6F-6A4E3E5C2CE9}.Release|Any CPU.ActiveCfg = Release|Any CPU
		{9F5C24DE-BC0E-4AD8-9F6F-6A4E3E5C2CE9}.Release|Any CPU.Build.0 = Release|Any CPU
	EndGlobalSection
	GlobalSection(SolutionProperties) = preSolution
		HideSolutionNode = FALSE
	EndGlobalSection
	GlobalSection(ExtensibilityGlobals) = postSolution
		SolutionGuid = {7B5B1C91-9C96-415C-9EB2-120178CD055D}
	EndGlobalSection
EndGlobal
